{
  "originHash" : "9e26ebf71119c335631bc0ca0df6b233f72dc17031892bbedf7c9b10ff1f7888",
  "pins" : [
    {
      "identity" : "swiftui-introspect",
      "kind" : "remoteSourceControl",
      "location" : "https://github.com/zunda-pixel/swiftui-introspect",
      "state" : {
        "branch" : "add-UISheetPresentationController",
        "revision" : "3cf0573d01795c35d3cd0d6167cfd645dc36e235"
      }
    }
  ],
  "version" : 3
}
